schema: '2.0'
stages:
  data_download:
    cmd: python src/data/download.py
    outs:
    - path: data/external/icd10_lookup.csv
      hash: md5
      md5: 33bb7013691b0838dce41817a6cc67b7
      size: 363
    - path: data/raw/diabetes_readmission.csv
      hash: md5
      md5: 57d756ca9b562d64afbad114353262bf
      size: 16348627
  data_validate:
    cmd: python src/data/validate.py
    deps:
    - path: configs/config.yaml
      hash: md5
      md5: b65606095d0ef6baeab85136d45b8962
      size: 3259
    - path: data/raw/diabetes_readmission.csv
      hash: md5
      md5: 57d756ca9b562d64afbad114353262bf
      size: 16348627
    - path: src/data/validate.py
      hash: md5
      md5: 2e1015f5e345b3a6c2de714c892b0d03
      size: 7179
  feature_engineering:
    cmd: python src/features/engineer.py
    deps:
    - path: configs/config.yaml
      hash: md5
      md5: b65606095d0ef6baeab85136d45b8962
      size: 3259
    - path: data/raw/diabetes_readmission.csv
      hash: md5
      md5: 57d756ca9b562d64afbad114353262bf
      size: 16348627
    - path: src/features/engineer.py
      hash: md5
      md5: 9cc0fce3320291ad39312cae38da1b39
      size: 18787
    outs:
    - path: data/processed/test.parquet
      hash: md5
      md5: ef55d3e46da30cfcbd6ffee3f29616d9
      size: 324617
    - path: data/processed/train.parquet
      hash: md5
      md5: c25958ea10a4368ae6905347fdfd3fad
      size: 1348039
    - path: data/processed/val.parquet
      hash: md5
      md5: c11f712b5856dece2cba995a625165b3
      size: 323551
  feature_selection:
    cmd: python src/features/selector.py
    deps:
    - path: configs/config.yaml
      hash: md5
      md5: b65606095d0ef6baeab85136d45b8962
      size: 3259
    - path: data/processed/train.parquet
      hash: md5
      md5: c25958ea10a4368ae6905347fdfd3fad
      size: 1348039
    - path: src/features/selector.py
      hash: md5
      md5: 1f235986929928fbd40aa507b4d72f09
      size: 12331
    outs:
    - path: data/processed/selected_features.json
      hash: md5
      md5: 389520f9de824f3b4429f6412ad61902
      size: 1834
    - path: reports/feature_consensus_heatmap.png
      hash: md5
      md5: 425651dbfdde1e037899d2c7f28c1495
      size: 187791
    - path: reports/feature_importance_lasso.png
      hash: md5
      md5: f0481ea734df921a738413efca769c97
      size: 94106
    - path: reports/feature_importance_mi.png
      hash: md5
      md5: cb7b994aa06a38d9108b1a1c302a2eff
      size: 81315
    - path: reports/feature_importance_rf.png
      hash: md5
      md5: 0d8226554179b066fa283ed897957ed7
      size: 94507
  train:
    cmd: python src/training/train.py
    deps:
    - path: configs/config.yaml
      hash: md5
      md5: b65606095d0ef6baeab85136d45b8962
      size: 3259
    - path: data/processed/selected_features.json
      hash: md5
      md5: 389520f9de824f3b4429f6412ad61902
      size: 1834
    - path: data/processed/test.parquet
      hash: md5
      md5: ef55d3e46da30cfcbd6ffee3f29616d9
      size: 324617
    - path: data/processed/train.parquet
      hash: md5
      md5: c25958ea10a4368ae6905347fdfd3fad
      size: 1348039
    - path: data/processed/val.parquet
      hash: md5
      md5: c11f712b5856dece2cba995a625165b3
      size: 323551
    - path: src/models/xgb_model.py
      hash: md5
      md5: 7d077f798d47d2fe78307651a5e8e214
      size: 11438
    - path: src/training/train.py
      hash: md5
      md5: 335171e9cb55b72a0eed2b529b40450a
      size: 16326
    outs:
    - path: models/calibrated_model.pkl
      hash: md5
      md5: 838831cd7cbcf1eba3e180fd6e4ef321
      size: 571956
    - path: models/risk_tier_thresholds.json
      hash: md5
      md5: 571e8214275c9baa513bf269e6a5460f
      size: 147
    - path: models/xgb_base.ubj
      hash: md5
      md5: 2f26ccb52cab476f6507c0e8e147dbfb
      size: 565240
  explainability:
    cmd: python src/explainability/report_generator.py
    deps:
    - path: configs/config.yaml
      hash: md5
      md5: b65606095d0ef6baeab85136d45b8962
      size: 3259
    - path: data/processed/selected_features.json
      hash: md5
      md5: 389520f9de824f3b4429f6412ad61902
      size: 1834
    - path: data/processed/test.parquet
      hash: md5
      md5: ef55d3e46da30cfcbd6ffee3f29616d9
      size: 324617
    - path: data/processed/train.parquet
      hash: md5
      md5: c25958ea10a4368ae6905347fdfd3fad
      size: 1348039
    - path: models/xgb_base.ubj
      hash: md5
      md5: 2f26ccb52cab476f6507c0e8e147dbfb
      size: 565240
    - path: src/explainability/report_generator.py
      hash: md5
      md5: a1626dae68a998cabaf0122405bb2e46
      size: 11794
    - path: src/explainability/shap_explainer.py
      hash: md5
      md5: 6e6a04a95d61b2bf6efb2f96b5608f9c
      size: 9923
    outs:
    - path: reports/global_explanation.html
      hash: md5
      md5: fc4c2c1f1963634c6b7b2c02e1482f61
      size: 3695
    - path: reports/shap_beeswarm.png
      hash: md5
      md5: b0ef01827fd159797c5243bf938ba7ca
      size: 165216
    - path: reports/shap_summary_bar.png
      hash: md5
      md5: 4c3624ac96c5323fff3af9cd5e7fe76f
      size: 104175
  evaluate:
    cmd: python src/training/evaluate.py
    deps:
    - path: configs/config.yaml
      hash: md5
      md5: b65606095d0ef6baeab85136d45b8962
      size: 3259
    - path: data/processed/selected_features.json
      hash: md5
      md5: 389520f9de824f3b4429f6412ad61902
      size: 1834
    - path: data/processed/test.parquet
      hash: md5
      md5: ef55d3e46da30cfcbd6ffee3f29616d9
      size: 324617
    - path: models/calibrated_model.pkl
      hash: md5
      md5: 838831cd7cbcf1eba3e180fd6e4ef321
      size: 571956
    - path: models/risk_tier_thresholds.json
      hash: md5
      md5: 571e8214275c9baa513bf269e6a5460f
      size: 147
    - path: src/training/evaluate.py
      hash: md5
      md5: ca4a648bb918e2ee3b91df9533988c95
      size: 28664
    outs:
    - path: reports/eval_confusion_matrix_test.png
      hash: md5
      md5: 13b8f9171e45d08028e94b8f632b3b3e
      size: 41177
    - path: reports/eval_decile_test.png
      hash: md5
      md5: ae022558bbdb6de11f1e85e3c865d126
      size: 60388
    - path: reports/eval_metrics.json
      hash: md5
      md5: a19f3b24e08dd715c25c9a33ad6acb7b
      size: 863
    - path: reports/eval_reliability_test.png
      hash: md5
      md5: 06c6b0f4b1acbbd8383aefbef99165c6
      size: 84376
    - path: reports/eval_risk_tiers_test.png
      hash: md5
      md5: 9aa2810c46eb24ff5275ce17920cfacc
      size: 57143
    - path: reports/eval_threshold_sweep_test.png
      hash: md5
      md5: 90769d37225515d869d391fc20acb3d7
      size: 80171
    - path: reports/metrics.json
      hash: md5
      md5: 118a73b6f2116bfe24b1091910693fa2
      size: 843
